// !$*UTF8*$!
{
	archiveVersion = 1;
	classes = {
	};
	objectVersion = 46;
	objects = {

/* Begin PBXBuildFile section */
		6F1715B81625CAB00042E6AA /* CDToilets.json in Resources */ = {isa = PBXBuildFile; fileRef = 6F1715B71625CAB00042E6AA /* CDToilets.json */; };
		6F1715BF1625D1890042E6AA /* CDStreetlights.json in Resources */ = {isa = PBXBuildFile; fileRef = 6F1715BE1625D1890042E6AA /* CDStreetlights.json */; };
		6F3C8B59162718D70081BF88 /* ADMapPointAnnotation.m in Sources */ = {isa = PBXBuildFile; fileRef = 6F3C8B58162718D70081BF88 /* ADMapPointAnnotation.m */; };
		6F8000E516256BCE005D0263 /* ADClusterAnnotation.m in Sources */ = {isa = PBXBuildFile; fileRef = 6F8000E016256BCE005D0263 /* ADClusterAnnotation.m */; };
		6F8000E616256BCE005D0263 /* ADClusterMapView.m in Sources */ = {isa = PBXBuildFile; fileRef = 6F8000E216256BCE005D0263 /* ADClusterMapView.m */; };
		6F8000E716256BCE005D0263 /* ADMapCluster.m in Sources */ = {isa = PBXBuildFile; fileRef = 6F8000E416256BCE005D0263 /* ADMapCluster.m */; };
		6F8000EA16256C26005D0263 /* MapKit.framework in Frameworks */ = {isa = PBXBuildFile; fileRef = 6F8000E816256C1B005D0263 /* MapKit.framework */; };
		6F8000EC16256C6C005D0263 /* CoreLocation.framework in Frameworks */ = {isa = PBXBuildFile; fileRef = 6F8000EB16256C6C005D0263 /* CoreLocation.framework */; };
		6F8FE99B16249223001A0309 /* UIKit.framework in Frameworks */ = {isa = PBXBuildFile; fileRef = 6F8FE99A16249223001A0309 /* UIKit.framework */; };
		6F8FE99D16249223001A0309 /* Foundation.framework in Frameworks */ = {isa = PBXBuildFile; fileRef = 6F8FE99C16249223001A0309 /* Foundation.framework */; };
		6F8FE99F16249223001A0309 /* CoreGraphics.framework in Frameworks */ = {isa = PBXBuildFile; fileRef = 6F8FE99E16249223001A0309 /* CoreGraphics.framework */; };
		6F8FE9E4162496B0001A0309 /* main.m in Sources */ = {isa = PBXBuildFile; fileRef = 6F8FE9E3162496AE001A0309 /* main.m */; };
		C597E86D1A630AA1002DF26A /* CLLocation+Utilities.m in Sources */ = {isa = PBXBuildFile; fileRef = C597E8661A630AA1002DF26A /* CLLocation+Utilities.m */; };
		C597E86E1A630AA1002DF26A /* NSDictionary+MKMapRect.m in Sources */ = {isa = PBXBuildFile; fileRef = C597E8681A630AA1002DF26A /* NSDictionary+MKMapRect.m */; };
		C597E86F1A630AA1002DF26A /* TSRefreshedAnnotationView.m in Sources */ = {isa = PBXBuildFile; fileRef = C597E86A1A630AA1002DF26A /* TSRefreshedAnnotationView.m */; };
		C597E8701A630AA1002DF26A /* TSClusterOperation.m in Sources */ = {isa = PBXBuildFile; fileRef = C597E86C1A630AA1002DF26A /* TSClusterOperation.m */; };
		C597E8741A65FECC002DF26A /* Images.xcassets in Resources */ = {isa = PBXBuildFile; fileRef = C597E8731A65FECC002DF26A /* Images.xcassets */; };
		C597E88D1A66173D002DF26A /* ADBaseAnnotation.m in Sources */ = {isa = PBXBuildFile; fileRef = C597E87D1A66173D002DF26A /* ADBaseAnnotation.m */; };
		C597E88E1A66173D002DF26A /* TSBathroomAnnotation.m in Sources */ = {isa = PBXBuildFile; fileRef = C597E87F1A66173D002DF26A /* TSBathroomAnnotation.m */; };
		C597E88F1A66173D002DF26A /* TSStreetLightAnnotation.m in Sources */ = {isa = PBXBuildFile; fileRef = C597E8811A66173D002DF26A /* TSStreetLightAnnotation.m */; };
		C597E8901A66173D002DF26A /* CDAppDelegate.m in Sources */ = {isa = PBXBuildFile; fileRef = C597E8841A66173D002DF26A /* CDAppDelegate.m */; };
		C597E8911A66173D002DF26A /* Storyboard.storyboard in Resources */ = {isa = PBXBuildFile; fileRef = C597E8851A66173D002DF26A /* Storyboard.storyboard */; };
		C597E8921A66173D002DF26A /* CDMapViewController.m in Sources */ = {isa = PBXBuildFile; fileRef = C597E8881A66173D002DF26A /* CDMapViewController.m */; };
		C597E8981A6619C1002DF26A /* TSDemoClusteredAnnotationView.m in Sources */ = {isa = PBXBuildFile; fileRef = C597E8971A6619C1002DF26A /* TSDemoClusteredAnnotationView.m */; };
		C597E89A1A662708002DF26A /* QuartzCore.framework in Frameworks */ = {isa = PBXBuildFile; fileRef = C597E8991A662708002DF26A /* QuartzCore.framework */; };
		C597E8CF1A677CCE002DF26A /* TSClusterAnnotationView.m in Sources */ = {isa = PBXBuildFile; fileRef = C597E8CE1A677CCE002DF26A /* TSClusterAnnotationView.m */; };
/* End PBXBuildFile section */

/* Begin PBXFileReference section */
		6F1715B71625CAB00042E6AA /* CDToilets.json */ = {isa = PBXFileReference; fileEncoding = 4; lastKnownFileType = text.json; name = CDToilets.json; path = Resources/CDToilets.json; sourceTree = SOURCE_ROOT; };
		6F1715BE1625D1890042E6AA /* CDStreetlights.json */ = {isa = PBXFileReference; fileEncoding = 4; lastKnownFileType = text.json; name = CDStreetlights.json; path = Resources/CDStreetlights.json; sourceTree = SOURCE_ROOT; };
		6F3C8B57162718D70081BF88 /* ADMapPointAnnotation.h */ = {isa = PBXFileReference; fileEncoding = 4; lastKnownFileType = sourcecode.c.h; path = ADMapPointAnnotation.h; sourceTree = "<group>"; };
		6F3C8B58162718D70081BF88 /* ADMapPointAnnotation.m */ = {isa = PBXFileReference; fileEncoding = 4; lastKnownFileType = sourcecode.c.objc; path = ADMapPointAnnotation.m; sourceTree = "<group>"; };
		6F8000C0162569E5005D0263 /* ClusterDemo-Info.plist */ = {isa = PBXFileReference; lastKnownFileType = text.plist.xml; path = "ClusterDemo-Info.plist"; sourceTree = SOURCE_ROOT; };
		6F8000C1162569E5005D0263 /* ClusterDemo-Prefix.pch */ = {isa = PBXFileReference; lastKnownFileType = sourcecode.c.h; path = "ClusterDemo-Prefix.pch"; sourceTree = SOURCE_ROOT; };
		6F8000DF16256BCE005D0263 /* ADClusterAnnotation.h */ = {isa = PBXFileReference; fileEncoding = 4; lastKnownFileType = sourcecode.c.h; path = ADClusterAnnotation.h; sourceTree = "<group>"; };
		6F8000E016256BCE005D0263 /* ADClusterAnnotation.m */ = {isa = PBXFileReference; fileEncoding = 4; lastKnownFileType = sourcecode.c.objc; path = ADClusterAnnotation.m; sourceTree = "<group>"; };
		6F8000E116256BCE005D0263 /* ADClusterMapView.h */ = {isa = PBXFileReference; fileEncoding = 4; lastKnownFileType = sourcecode.c.h; path = ADClusterMapView.h; sourceTree = "<group>"; };
		6F8000E216256BCE005D0263 /* ADClusterMapView.m */ = {isa = PBXFileReference; fileEncoding = 4; lastKnownFileType = sourcecode.c.objc; lineEnding = 0; path = ADClusterMapView.m; sourceTree = "<group>"; xcLanguageSpecificationIdentifier = xcode.lang.objc; };
		6F8000E316256BCE005D0263 /* ADMapCluster.h */ = {isa = PBXFileReference; fileEncoding = 4; lastKnownFileType = sourcecode.c.h; path = ADMapCluster.h; sourceTree = "<group>"; };
		6F8000E416256BCE005D0263 /* ADMapCluster.m */ = {isa = PBXFileReference; fileEncoding = 4; lastKnownFileType = sourcecode.c.objc; lineEnding = 0; path = ADMapCluster.m; sourceTree = "<group>"; xcLanguageSpecificationIdentifier = xcode.lang.objc; };
		6F8000E816256C1B005D0263 /* MapKit.framework */ = {isa = PBXFileReference; lastKnownFileType = wrapper.framework; name = MapKit.framework; path = System/Library/Frameworks/MapKit.framework; sourceTree = SDKROOT; };
		6F8000EB16256C6C005D0263 /* CoreLocation.framework */ = {isa = PBXFileReference; lastKnownFileType = wrapper.framework; name = CoreLocation.framework; path = System/Library/Frameworks/CoreLocation.framework; sourceTree = SDKROOT; };
		6F8FE99616249223001A0309 /* ClusterDemo.app */ = {isa = PBXFileReference; explicitFileType = wrapper.application; includeInIndex = 0; path = ClusterDemo.app; sourceTree = BUILT_PRODUCTS_DIR; };
		6F8FE99A16249223001A0309 /* UIKit.framework */ = {isa = PBXFileReference; lastKnownFileType = wrapper.framework; name = UIKit.framework; path = System/Library/Frameworks/UIKit.framework; sourceTree = SDKROOT; };
		6F8FE99C16249223001A0309 /* Foundation.framework */ = {isa = PBXFileReference; lastKnownFileType = wrapper.framework; name = Foundation.framework; path = System/Library/Frameworks/Foundation.framework; sourceTree = SDKROOT; };
		6F8FE99E16249223001A0309 /* CoreGraphics.framework */ = {isa = PBXFileReference; lastKnownFileType = wrapper.framework; name = CoreGraphics.framework; path = System/Library/Frameworks/CoreGraphics.framework; sourceTree = SDKROOT; };
		6F8FE9E3162496AE001A0309 /* main.m */ = {isa = PBXFileReference; lastKnownFileType = sourcecode.c.objc; path = main.m; sourceTree = SOURCE_ROOT; };
		C597E8651A630AA1002DF26A /* CLLocation+Utilities.h */ = {isa = PBXFileReference; fileEncoding = 4; lastKnownFileType = sourcecode.c.h; path = "CLLocation+Utilities.h"; sourceTree = "<group>"; };
		C597E8661A630AA1002DF26A /* CLLocation+Utilities.m */ = {isa = PBXFileReference; fileEncoding = 4; lastKnownFileType = sourcecode.c.objc; path = "CLLocation+Utilities.m"; sourceTree = "<group>"; };
		C597E8671A630AA1002DF26A /* NSDictionary+MKMapRect.h */ = {isa = PBXFileReference; fileEncoding = 4; lastKnownFileType = sourcecode.c.h; path = "NSDictionary+MKMapRect.h"; sourceTree = "<group>"; };
		C597E8681A630AA1002DF26A /* NSDictionary+MKMapRect.m */ = {isa = PBXFileReference; fileEncoding = 4; lastKnownFileType = sourcecode.c.objc; path = "NSDictionary+MKMapRect.m"; sourceTree = "<group>"; };
		C597E8691A630AA1002DF26A /* TSRefreshedAnnotationView.h */ = {isa = PBXFileReference; fileEncoding = 4; lastKnownFileType = sourcecode.c.h; path = TSRefreshedAnnotationView.h; sourceTree = "<group>"; };
		C597E86A1A630AA1002DF26A /* TSRefreshedAnnotationView.m */ = {isa = PBXFileReference; fileEncoding = 4; lastKnownFileType = sourcecode.c.objc; path = TSRefreshedAnnotationView.m; sourceTree = "<group>"; };
		C597E86B1A630AA1002DF26A /* TSClusterOperation.h */ = {isa = PBXFileReference; fileEncoding = 4; lastKnownFileType = sourcecode.c.h; path = TSClusterOperation.h; sourceTree = "<group>"; };
		C597E86C1A630AA1002DF26A /* TSClusterOperation.m */ = {isa = PBXFileReference; fileEncoding = 4; lastKnownFileType = sourcecode.c.objc; path = TSClusterOperation.m; sourceTree = "<group>"; };
		C597E8731A65FECC002DF26A /* Images.xcassets */ = {isa = PBXFileReference; lastKnownFileType = folder.assetcatalog; name = Images.xcassets; path = Resources/Images.xcassets; sourceTree = SOURCE_ROOT; };
		C597E87C1A66173D002DF26A /* ADBaseAnnotation.h */ = {isa = PBXFileReference; fileEncoding = 4; lastKnownFileType = sourcecode.c.h; path = ADBaseAnnotation.h; sourceTree = "<group>"; };
		C597E87D1A66173D002DF26A /* ADBaseAnnotation.m */ = {isa = PBXFileReference; fileEncoding = 4; lastKnownFileType = sourcecode.c.objc; path = ADBaseAnnotation.m; sourceTree = "<group>"; };
		C597E87E1A66173D002DF26A /* TSBathroomAnnotation.h */ = {isa = PBXFileReference; fileEncoding = 4; lastKnownFileType = sourcecode.c.h; path = TSBathroomAnnotation.h; sourceTree = "<group>"; };
		C597E87F1A66173D002DF26A /* TSBathroomAnnotation.m */ = {isa = PBXFileReference; fileEncoding = 4; lastKnownFileType = sourcecode.c.objc; path = TSBathroomAnnotation.m; sourceTree = "<group>"; };
		C597E8801A66173D002DF26A /* TSStreetLightAnnotation.h */ = {isa = PBXFileReference; fileEncoding = 4; lastKnownFileType = sourcecode.c.h; path = TSStreetLightAnnotation.h; sourceTree = "<group>"; };
		C597E8811A66173D002DF26A /* TSStreetLightAnnotation.m */ = {isa = PBXFileReference; fileEncoding = 4; lastKnownFileType = sourcecode.c.objc; path = TSStreetLightAnnotation.m; sourceTree = "<group>"; };
		C597E8831A66173D002DF26A /* CDAppDelegate.h */ = {isa = PBXFileReference; fileEncoding = 4; lastKnownFileType = sourcecode.c.h; path = CDAppDelegate.h; sourceTree = "<group>"; };
		C597E8841A66173D002DF26A /* CDAppDelegate.m */ = {isa = PBXFileReference; fileEncoding = 4; lastKnownFileType = sourcecode.c.objc; path = CDAppDelegate.m; sourceTree = "<group>"; };
		C597E8851A66173D002DF26A /* Storyboard.storyboard */ = {isa = PBXFileReference; fileEncoding = 4; lastKnownFileType = file.storyboard; path = Storyboard.storyboard; sourceTree = "<group>"; };
		C597E8871A66173D002DF26A /* CDMapViewController.h */ = {isa = PBXFileReference; fileEncoding = 4; lastKnownFileType = sourcecode.c.h; path = CDMapViewController.h; sourceTree = "<group>"; };
		C597E8881A66173D002DF26A /* CDMapViewController.m */ = {isa = PBXFileReference; fileEncoding = 4; lastKnownFileType = sourcecode.c.objc; path = CDMapViewController.m; sourceTree = "<group>"; };
		C597E8961A6619C1002DF26A /* TSDemoClusteredAnnotationView.h */ = {isa = PBXFileReference; fileEncoding = 4; lastKnownFileType = sourcecode.c.h; path = TSDemoClusteredAnnotationView.h; sourceTree = "<group>"; };
		C597E8971A6619C1002DF26A /* TSDemoClusteredAnnotationView.m */ = {isa = PBXFileReference; fileEncoding = 4; lastKnownFileType = sourcecode.c.objc; path = TSDemoClusteredAnnotationView.m; sourceTree = "<group>"; };
		C597E8991A662708002DF26A /* QuartzCore.framework */ = {isa = PBXFileReference; lastKnownFileType = wrapper.framework; name = QuartzCore.framework; path = System/Library/Frameworks/QuartzCore.framework; sourceTree = SDKROOT; };
		C597E8CD1A677CCE002DF26A /* TSClusterAnnotationView.h */ = {isa = PBXFileReference; fileEncoding = 4; lastKnownFileType = sourcecode.c.h; path = TSClusterAnnotationView.h; sourceTree = "<group>"; };
		C597E8CE1A677CCE002DF26A /* TSClusterAnnotationView.m */ = {isa = PBXFileReference; fileEncoding = 4; lastKnownFileType = sourcecode.c.objc; path = TSClusterAnnotationView.m; sourceTree = "<group>"; };
/* End PBXFileReference section */

/* Begin PBXFrameworksBuildPhase section */
		6F8FE99316249223001A0309 /* Frameworks */ = {
			isa = PBXFrameworksBuildPhase;
			buildActionMask = 2147483647;
			files = (
				C597E89A1A662708002DF26A /* QuartzCore.framework in Frameworks */,
				6F8000EA16256C26005D0263 /* MapKit.framework in Frameworks */,
				6F8000EC16256C6C005D0263 /* CoreLocation.framework in Frameworks */,
				6F8FE99B16249223001A0309 /* UIKit.framework in Frameworks */,
				6F8FE99D16249223001A0309 /* Foundation.framework in Frameworks */,
				6F8FE99F16249223001A0309 /* CoreGraphics.framework in Frameworks */,
			);
			runOnlyForDeploymentPostprocessing = 0;
		};
/* End PBXFrameworksBuildPhase section */

/* Begin PBXGroup section */
		6F8000DE16256BCE005D0263 /* ADClusterMapView */ = {
			isa = PBXGroup;
			children = (
				6F8000DF16256BCE005D0263 /* ADClusterAnnotation.h */,
				6F8000E016256BCE005D0263 /* ADClusterAnnotation.m */,
				6F8000E116256BCE005D0263 /* ADClusterMapView.h */,
				6F8000E216256BCE005D0263 /* ADClusterMapView.m */,
				6F8000E316256BCE005D0263 /* ADMapCluster.h */,
				6F8000E416256BCE005D0263 /* ADMapCluster.m */,
				6F3C8B57162718D70081BF88 /* ADMapPointAnnotation.h */,
				6F3C8B58162718D70081BF88 /* ADMapPointAnnotation.m */,
				C597E8651A630AA1002DF26A /* CLLocation+Utilities.h */,
				C597E8661A630AA1002DF26A /* CLLocation+Utilities.m */,
				C597E8671A630AA1002DF26A /* NSDictionary+MKMapRect.h */,
				C597E8681A630AA1002DF26A /* NSDictionary+MKMapRect.m */,
				C597E8691A630AA1002DF26A /* TSRefreshedAnnotationView.h */,
				C597E86A1A630AA1002DF26A /* TSRefreshedAnnotationView.m */,
				C597E8CD1A677CCE002DF26A /* TSClusterAnnotationView.h */,
				C597E8CE1A677CCE002DF26A /* TSClusterAnnotationView.m */,
				C597E86B1A630AA1002DF26A /* TSClusterOperation.h */,
				C597E86C1A630AA1002DF26A /* TSClusterOperation.m */,
			);
			name = ADClusterMapView;
			path = ../ADClusterMapView;
			sourceTree = "<group>";
		};
		6F8FE98B16249223001A0309 = {
			isa = PBXGroup;
			children = (
				6F8000DE16256BCE005D0263 /* ADClusterMapView */,
				6F8FE9A016249223001A0309 /* ClusterDemo */,
				6F8FE99916249223001A0309 /* Frameworks */,
				6F8FE99716249223001A0309 /* Products */,
			);
			sourceTree = "<group>";
		};
		6F8FE99716249223001A0309 /* Products */ = {
			isa = PBXGroup;
			children = (
				6F8FE99616249223001A0309 /* ClusterDemo.app */,
			);
			name = Products;
			sourceTree = "<group>";
		};
		6F8FE99916249223001A0309 /* Frameworks */ = {
			isa = PBXGroup;
			children = (
				C597E8991A662708002DF26A /* QuartzCore.framework */,
				6F8000EB16256C6C005D0263 /* CoreLocation.framework */,
				6F8000E816256C1B005D0263 /* MapKit.framework */,
				6F8FE99A16249223001A0309 /* UIKit.framework */,
				6F8FE99C16249223001A0309 /* Foundation.framework */,
				6F8FE99E16249223001A0309 /* CoreGraphics.framework */,
			);
			name = Frameworks;
			sourceTree = "<group>";
		};
		6F8FE9A016249223001A0309 /* ClusterDemo */ = {
			isa = PBXGroup;
			children = (
				C597E8951A661983002DF26A /* AnnotationViews */,
				C597E87B1A66173D002DF26A /* Annotations */,
				C597E8821A66173D002DF26A /* Application */,
				C597E8861A66173D002DF26A /* ViewControllers */,
				6F8FE9C11624940E001A0309 /* Resources */,
				6F8FE9A116249223001A0309 /* Supporting Files */,
			);
			path = ClusterDemo;
			sourceTree = "<group>";
		};
		6F8FE9A116249223001A0309 /* Supporting Files */ = {
			isa = PBXGroup;
			children = (
				6F8000C0162569E5005D0263 /* ClusterDemo-Info.plist */,
				6F8000C1162569E5005D0263 /* ClusterDemo-Prefix.pch */,
				6F8FE9E3162496AE001A0309 /* main.m */,
			);
			name = "Supporting Files";
			sourceTree = "<group>";
		};
		6F8FE9C11624940E001A0309 /* Resources */ = {
			isa = PBXGroup;
			children = (
				C597E8731A65FECC002DF26A /* Images.xcassets */,
				6F1715BE1625D1890042E6AA /* CDStreetlights.json */,
				6F1715B71625CAB00042E6AA /* CDToilets.json */,
			);
			name = Resources;
			sourceTree = "<group>";
		};
		C597E87B1A66173D002DF26A /* Annotations */ = {
			isa = PBXGroup;
			children = (
				C597E87C1A66173D002DF26A /* ADBaseAnnotation.h */,
				C597E87D1A66173D002DF26A /* ADBaseAnnotation.m */,
				C597E87E1A66173D002DF26A /* TSBathroomAnnotation.h */,
				C597E87F1A66173D002DF26A /* TSBathroomAnnotation.m */,
				C597E8801A66173D002DF26A /* TSStreetLightAnnotation.h */,
				C597E8811A66173D002DF26A /* TSStreetLightAnnotation.m */,
			);
			path = Annotations;
			sourceTree = SOURCE_ROOT;
		};
		C597E8821A66173D002DF26A /* Application */ = {
			isa = PBXGroup;
			children = (
				C597E8831A66173D002DF26A /* CDAppDelegate.h */,
				C597E8841A66173D002DF26A /* CDAppDelegate.m */,
				C597E8851A66173D002DF26A /* Storyboard.storyboard */,
			);
			path = Application;
			sourceTree = SOURCE_ROOT;
		};
		C597E8861A66173D002DF26A /* ViewControllers */ = {
			isa = PBXGroup;
			children = (
				C597E8871A66173D002DF26A /* CDMapViewController.h */,
				C597E8881A66173D002DF26A /* CDMapViewController.m */,
			);
			path = ViewControllers;
			sourceTree = SOURCE_ROOT;
		};
		C597E8951A661983002DF26A /* AnnotationViews */ = {
			isa = PBXGroup;
			children = (
				C597E8961A6619C1002DF26A /* TSDemoClusteredAnnotationView.h */,
				C597E8971A6619C1002DF26A /* TSDemoClusteredAnnotationView.m */,
			);
			path = AnnotationViews;
			sourceTree = SOURCE_ROOT;
		};
/* End PBXGroup section */

/* Begin PBXNativeTarget section */
		6F8FE99516249223001A0309 /* ClusterDemo */ = {
			isa = PBXNativeTarget;
			buildConfigurationList = 6F8FE9BD16249223001A0309 /* Build configuration list for PBXNativeTarget "ClusterDemo" */;
			buildPhases = (
				6F8FE99216249223001A0309 /* Sources */,
				6F8FE99316249223001A0309 /* Frameworks */,
				6F8FE99416249223001A0309 /* Resources */,
			);
			buildRules = (
			);
			dependencies = (
			);
			name = ClusterDemo;
			productName = ClusterDemo;
			productReference = 6F8FE99616249223001A0309 /* ClusterDemo.app */;
			productType = "com.apple.product-type.application";
		};
/* End PBXNativeTarget section */

/* Begin PBXProject section */
		6F8FE98D16249223001A0309 /* Project object */ = {
			isa = PBXProject;
			attributes = {
				CLASSPREFIX = CD;
				LastUpgradeCheck = 0450;
				ORGANIZATIONNAME = Applidium;
			};
			buildConfigurationList = 6F8FE99016249223001A0309 /* Build configuration list for PBXProject "ClusterDemo" */;
			compatibilityVersion = "Xcode 3.2";
			developmentRegion = English;
			hasScannedForEncodings = 0;
			knownRegions = (
				en,
			);
			mainGroup = 6F8FE98B16249223001A0309;
			productRefGroup = 6F8FE99716249223001A0309 /* Products */;
			projectDirPath = "";
			projectRoot = "";
			targets = (
				6F8FE99516249223001A0309 /* ClusterDemo */,
			);
		};
/* End PBXProject section */

/* Begin PBXResourcesBuildPhase section */
		6F8FE99416249223001A0309 /* Resources */ = {
			isa = PBXResourcesBuildPhase;
			buildActionMask = 2147483647;
			files = (
				C597E8741A65FECC002DF26A /* Images.xcassets in Resources */,
				6F1715B81625CAB00042E6AA /* CDToilets.json in Resources */,
				6F1715BF1625D1890042E6AA /* CDStreetlights.json in Resources */,
				C597E8911A66173D002DF26A /* Storyboard.storyboard in Resources */,
			);
			runOnlyForDeploymentPostprocessing = 0;
		};
/* End PBXResourcesBuildPhase section */

/* Begin PBXSourcesBuildPhase section */
		6F8FE99216249223001A0309 /* Sources */ = {
			isa = PBXSourcesBuildPhase;
			buildActionMask = 2147483647;
			files = (
				6F8FE9E4162496B0001A0309 /* main.m in Sources */,
				C597E8701A630AA1002DF26A /* TSClusterOperation.m in Sources */,
				C597E8921A66173D002DF26A /* CDMapViewController.m in Sources */,
				C597E8CF1A677CCE002DF26A /* TSClusterAnnotationView.m in Sources */,
				C597E86F1A630AA1002DF26A /* TSRefreshedAnnotationView.m in Sources */,
				6F8000E516256BCE005D0263 /* ADClusterAnnotation.m in Sources */,
				C597E86E1A630AA1002DF26A /* NSDictionary+MKMapRect.m in Sources */,
				6F8000E616256BCE005D0263 /* ADClusterMapView.m in Sources */,
				C597E88E1A66173D002DF26A /* TSBathroomAnnotation.m in Sources */,
				6F8000E716256BCE005D0263 /* ADMapCluster.m in Sources */,
				C597E88F1A66173D002DF26A /* TSStreetLightAnnotation.m in Sources */,
				C597E86D1A630AA1002DF26A /* CLLocation+Utilities.m in Sources */,
				C597E8901A66173D002DF26A /* CDAppDelegate.m in Sources */,
				C597E88D1A66173D002DF26A /* ADBaseAnnotation.m in Sources */,
				C597E8981A6619C1002DF26A /* TSDemoClusteredAnnotationView.m in Sources */,
				6F3C8B59162718D70081BF88 /* ADMapPointAnnotation.m in Sources */,
			);
			runOnlyForDeploymentPostprocessing = 0;
		};
/* End PBXSourcesBuildPhase section */

/* Begin XCBuildConfiguration section */
		6F8FE9BB16249223001A0309 /* Debug */ = {
			isa = XCBuildConfiguration;
			buildSettings = {
				ALWAYS_SEARCH_USER_PATHS = NO;
				CLANG_CXX_LANGUAGE_STANDARD = "gnu++0x";
				CLANG_CXX_LIBRARY = "libc++";
				CLANG_WARN_EMPTY_BODY = YES;
				CLANG_WARN__DUPLICATE_METHOD_MATCH = YES;
				"CODE_SIGN_IDENTITY[sdk=iphoneos*]" = "iPhone Developer";
				COPY_PHASE_STRIP = NO;
				GCC_C_LANGUAGE_STANDARD = gnu99;
				GCC_DYNAMIC_NO_PIC = NO;
				GCC_OPTIMIZATION_LEVEL = 0;
				GCC_PREPROCESSOR_DEFINITIONS = (
					"DEBUG=1",
					"$(inherited)",
				);
				GCC_SYMBOLS_PRIVATE_EXTERN = NO;
				GCC_WARN_ABOUT_RETURN_TYPE = YES;
				GCC_WARN_UNINITIALIZED_AUTOS = YES;
				GCC_WARN_UNUSED_VARIABLE = YES;
				IPHONEOS_DEPLOYMENT_TARGET = 6.0;
				ONLY_ACTIVE_ARCH = YES;
				SDKROOT = iphoneos;
				TARGETED_DEVICE_FAMILY = "1,2";
			};
			name = Debug;
		};
		6F8FE9BC16249223001A0309 /* Release */ = {
			isa = XCBuildConfiguration;
			buildSettings = {
				ALWAYS_SEARCH_USER_PATHS = NO;
				CLANG_CXX_LANGUAGE_STANDARD = "gnu++0x";
				CLANG_CXX_LIBRARY = "libc++";
				CLANG_WARN_EMPTY_BODY = YES;
				CLANG_WARN__DUPLICATE_METHOD_MATCH = YES;
				"CODE_SIGN_IDENTITY[sdk=iphoneos*]" = "iPhone Developer";
				COPY_PHASE_STRIP = YES;
				GCC_C_LANGUAGE_STANDARD = gnu99;
				GCC_WARN_ABOUT_RETURN_TYPE = YES;
				GCC_WARN_UNINITIALIZED_AUTOS = YES;
				GCC_WARN_UNUSED_VARIABLE = YES;
				IPHONEOS_DEPLOYMENT_TARGET = 6.0;
				OTHER_CFLAGS = "-DNS_BLOCK_ASSERTIONS=1";
				SDKROOT = iphoneos;
				TARGETED_DEVICE_FAMILY = "1,2";
				VALIDATE_PRODUCT = YES;
			};
			name = Release;
		};
		6F8FE9BE16249223001A0309 /* Debug */ = {
			isa = XCBuildConfiguration;
			buildSettings = {
				CLANG_ENABLE_OBJC_ARC = YES;
				GCC_PRECOMPILE_PREFIX_HEADER = YES;
				GCC_PREFIX_HEADER = "ClusterDemo-Prefix.pch";
				INFOPLIST_FILE = "$(SRCROOT)/ClusterDemo-Info.plist";
				IPHONEOS_DEPLOYMENT_TARGET = 7.0;
				PRODUCT_NAME = ClusterDemo;
				WRAPPER_EXTENSION = app;
			};
			name = Debug;
		};
		6F8FE9BF16249223001A0309 /* Release */ = {
			isa = XCBuildConfiguration;
			buildSettings = {
				CLANG_ENABLE_OBJC_ARC = YES;
				GCC_PRECOMPILE_PREFIX_HEADER = YES;
				GCC_PREFIX_HEADER = "ClusterDemo-Prefix.pch";
				INFOPLIST_FILE = "$(SRCROOT)/ClusterDemo-Info.plist";
				IPHONEOS_DEPLOYMENT_TARGET = 7.0;
				PRODUCT_NAME = ClusterDemo;
				WRAPPER_EXTENSION = app;
			};
			name = Release;
		};
/* End XCBuildConfiguration section */

/* Begin XCConfigurationList section */
		6F8FE99016249223001A0309 /* Build configuration list for PBXProject "ClusterDemo" */ = {
			isa = XCConfigurationList;
			buildConfigurations = (
				6F8FE9BB16249223001A0309 /* Debug */,
				6F8FE9BC16249223001A0309 /* Release */,
			);
			defaultConfigurationIsVisible = 0;
			defaultConfigurationName = Release;
		};
		6F8FE9BD16249223001A0309 /* Build configuration list for PBXNativeTarget "ClusterDemo" */ = {
			isa = XCConfigurationList;
			buildConfigurations = (
				6F8FE9BE16249223001A0309 /* Debug */,
				6F8FE9BF16249223001A0309 /* Release */,
			);
			defaultConfigurationIsVisible = 0;
			defaultConfigurationName = Release;
		};
/* End XCConfigurationList section */
	};
	rootObject = 6F8FE98D16249223001A0309 /* Project object */;
}
